// !$*UTF8*$!
{
	archiveVersion = 1;
	classes = {
	};
	objectVersion = 56;
	objects = {

/* Begin PBXBuildFile section */
		DD12118A2A338C9200212769 /* RideRequestView.swift in Sources */ = {isa = PBXBuildFile; fileRef = DD1211892A338C9200212769 /* RideRequestView.swift */; };
		DD25D5E62A3331BB007184EB /* UberMapViewRepresentable.swift in Sources */ = {isa = PBXBuildFile; fileRef = DD25D5E52A3331BB007184EB /* UberMapViewRepresentable.swift */; };
		DD25D5E82A3334F8007184EB /* LocationManager.swift in Sources */ = {isa = PBXBuildFile; fileRef = DD25D5E72A3334F8007184EB /* LocationManager.swift */; };
		DD276D492A334C7F00BFA6F2 /* LocationSearchActivationView.swift in Sources */ = {isa = PBXBuildFile; fileRef = DD276D482A334C7F00BFA6F2 /* LocationSearchActivationView.swift */; };
		DD276D4B2A334DE200BFA6F2 /* MapViewActionButton.swift in Sources */ = {isa = PBXBuildFile; fileRef = DD276D4A2A334DE200BFA6F2 /* MapViewActionButton.swift */; };
		DD276D4D2A334ED200BFA6F2 /* LocationSearchView.swift in Sources */ = {isa = PBXBuildFile; fileRef = DD276D4C2A334ED200BFA6F2 /* LocationSearchView.swift */; };
		DD276D4F2A3350B000BFA6F2 /* LocationSearchResultCell.swift in Sources */ = {isa = PBXBuildFile; fileRef = DD276D4E2A3350B000BFA6F2 /* LocationSearchResultCell.swift */; };
		DD276D512A335BCD00BFA6F2 /* LocationSearchViewViewModel.swift in Sources */ = {isa = PBXBuildFile; fileRef = DD276D502A335BCD00BFA6F2 /* LocationSearchViewViewModel.swift */; };
		DD4C39732A33315400585552 /* HomeView.swift in Sources */ = {isa = PBXBuildFile; fileRef = DD4C39722A33315400585552 /* HomeView.swift */; };
		DD5D54D52A330D5C0085F836 /* UberSwiftUITutorialApp.swift in Sources */ = {isa = PBXBuildFile; fileRef = DD5D54D42A330D5C0085F836 /* UberSwiftUITutorialApp.swift */; };
		DD5D54D92A330D5D0085F836 /* Assets.xcassets in Resources */ = {isa = PBXBuildFile; fileRef = DD5D54D82A330D5D0085F836 /* Assets.xcassets */; };
		DD5D54DC2A330D5D0085F836 /* Preview Assets.xcassets in Resources */ = {isa = PBXBuildFile; fileRef = DD5D54DB2A330D5D0085F836 /* Preview Assets.xcassets */; };
		DD7260E62A33819000522C13 /* MapViewState.swift in Sources */ = {isa = PBXBuildFile; fileRef = DD7260E52A33819000522C13 /* MapViewState.swift */; };
/* End PBXBuildFile section */

/* Begin PBXFileReference section */
		DD1211892A338C9200212769 /* RideRequestView.swift */ = {isa = PBXFileReference; lastKnownFileType = sourcecode.swift; path = RideRequestView.swift; sourceTree = "<group>"; };
		DD25D5E52A3331BB007184EB /* UberMapViewRepresentable.swift */ = {isa = PBXFileReference; lastKnownFileType = sourcecode.swift; path = UberMapViewRepresentable.swift; sourceTree = "<group>"; };
		DD25D5E72A3334F8007184EB /* LocationManager.swift */ = {isa = PBXFileReference; lastKnownFileType = sourcecode.swift; path = LocationManager.swift; sourceTree = "<group>"; };
		DD276D482A334C7F00BFA6F2 /* LocationSearchActivationView.swift */ = {isa = PBXFileReference; lastKnownFileType = sourcecode.swift; path = LocationSearchActivationView.swift; sourceTree = "<group>"; };
		DD276D4A2A334DE200BFA6F2 /* MapViewActionButton.swift */ = {isa = PBXFileReference; lastKnownFileType = sourcecode.swift; path = MapViewActionButton.swift; sourceTree = "<group>"; };
		DD276D4C2A334ED200BFA6F2 /* LocationSearchView.swift */ = {isa = PBXFileReference; lastKnownFileType = sourcecode.swift; path = LocationSearchView.swift; sourceTree = "<group>"; };
		DD276D4E2A3350B000BFA6F2 /* LocationSearchResultCell.swift */ = {isa = PBXFileReference; lastKnownFileType = sourcecode.swift; path = LocationSearchResultCell.swift; sourceTree = "<group>"; };
		DD276D502A335BCD00BFA6F2 /* LocationSearchViewViewModel.swift */ = {isa = PBXFileReference; lastKnownFileType = sourcecode.swift; path = LocationSearchViewViewModel.swift; sourceTree = "<group>"; };
		DD4C39722A33315400585552 /* HomeView.swift */ = {isa = PBXFileReference; lastKnownFileType = sourcecode.swift; path = HomeView.swift; sourceTree = "<group>"; };
		DD5D54D12A330D5C0085F836 /* UberSwiftUITutorial.app */ = {isa = PBXFileReference; explicitFileType = wrapper.application; includeInIndex = 0; path = UberSwiftUITutorial.app; sourceTree = BUILT_PRODUCTS_DIR; };
		DD5D54D42A330D5C0085F836 /* UberSwiftUITutorialApp.swift */ = {isa = PBXFileReference; lastKnownFileType = sourcecode.swift; path = UberSwiftUITutorialApp.swift; sourceTree = "<group>"; };
		DD5D54D82A330D5D0085F836 /* Assets.xcassets */ = {isa = PBXFileReference; lastKnownFileType = folder.assetcatalog; path = Assets.xcassets; sourceTree = "<group>"; };
		DD5D54DB2A330D5D0085F836 /* Preview Assets.xcassets */ = {isa = PBXFileReference; lastKnownFileType = folder.assetcatalog; path = "Preview Assets.xcassets"; sourceTree = "<group>"; };
		DD7260E52A33819000522C13 /* MapViewState.swift */ = {isa = PBXFileReference; lastKnownFileType = sourcecode.swift; path = MapViewState.swift; sourceTree = "<group>"; };
/* End PBXFileReference section */

/* Begin PBXFrameworksBuildPhase section */
		DD5D54CE2A330D5C0085F836 /* Frameworks */ = {
			isa = PBXFrameworksBuildPhase;
			buildActionMask = 2147483647;
			files = (
			);
			runOnlyForDeploymentPostprocessing = 0;
		};
/* End PBXFrameworksBuildPhase section */

/* Begin PBXGroup section */
		DD1211882A338C7C00212769 /* Trips */ = {
			isa = PBXGroup;
			children = (
				DD1211892A338C9200212769 /* RideRequestView.swift */,
			);
			path = Trips;
			sourceTree = "<group>";
		};
		DD276D442A334C3B00BFA6F2 /* Home */ = {
			isa = PBXGroup;
			children = (
				DD4C39712A33313D00585552 /* ViewModel */,
				DD4C39702A33313B00585552 /* Views */,
			);
			path = Home;
			sourceTree = "<group>";
		};
		DD276D452A334C4100BFA6F2 /* LocationSearch */ = {
			isa = PBXGroup;
			children = (
				DD276D462A334C5D00BFA6F2 /* ViewModel */,
				DD276D472A334C5D00BFA6F2 /* Views */,
			);
			path = LocationSearch;
			sourceTree = "<group>";
		};
		DD276D462A334C5D00BFA6F2 /* ViewModel */ = {
			isa = PBXGroup;
			children = (
				DD276D502A335BCD00BFA6F2 /* LocationSearchViewViewModel.swift */,
			);
			path = ViewModel;
			sourceTree = "<group>";
		};
		DD276D472A334C5D00BFA6F2 /* Views */ = {
			isa = PBXGroup;
			children = (
				DD276D482A334C7F00BFA6F2 /* LocationSearchActivationView.swift */,
				DD276D4C2A334ED200BFA6F2 /* LocationSearchView.swift */,
				DD276D4E2A3350B000BFA6F2 /* LocationSearchResultCell.swift */,
			);
			path = Views;
			sourceTree = "<group>";
		};
		DD4C39702A33313B00585552 /* Views */ = {
			isa = PBXGroup;
			children = (
				DD4C39722A33315400585552 /* HomeView.swift */,
				DD25D5E52A3331BB007184EB /* UberMapViewRepresentable.swift */,
				DD276D4A2A334DE200BFA6F2 /* MapViewActionButton.swift */,
			);
			path = Views;
			sourceTree = "<group>";
		};
		DD4C39712A33313D00585552 /* ViewModel */ = {
			isa = PBXGroup;
			children = (
			);
			path = ViewModel;
			sourceTree = "<group>";
		};
		DD5D54C82A330D5B0085F836 = {
			isa = PBXGroup;
			children = (
				DD5D54D32A330D5C0085F836 /* UberSwiftUITutorial */,
				DD5D54D22A330D5C0085F836 /* Products */,
			);
			sourceTree = "<group>";
		};
		DD5D54D22A330D5C0085F836 /* Products */ = {
			isa = PBXGroup;
			children = (
				DD5D54D12A330D5C0085F836 /* UberSwiftUITutorial.app */,
			);
			name = Products;
			sourceTree = "<group>";
		};
		DD5D54D32A330D5C0085F836 /* UberSwiftUITutorial */ = {
			isa = PBXGroup;
			children = (
				DD5D54E82A330D8C0085F836 /* App */,
				DD5D54E72A330D8B0085F836 /* Core */,
				DD5D54E62A330D8A0085F836 /* Extensions */,
				DD5D54E52A330D880085F836 /* Managers */,
				DD5D54E22A330D810085F836 /* Models */,
				DD5D54D82A330D5D0085F836 /* Assets.xcassets */,
				DD5D54DA2A330D5D0085F836 /* Preview Content */,
			);
			path = UberSwiftUITutorial;
			sourceTree = "<group>";
		};
		DD5D54DA2A330D5D0085F836 /* Preview Content */ = {
			isa = PBXGroup;
			children = (
				DD5D54DB2A330D5D0085F836 /* Preview Assets.xcassets */,
			);
			path = "Preview Content";
			sourceTree = "<group>";
		};
		DD5D54E22A330D810085F836 /* Models */ = {
			isa = PBXGroup;
			children = (
				DD7260E52A33819000522C13 /* MapViewState.swift */,
			);
			path = Models;
			sourceTree = "<group>";
		};
		DD5D54E52A330D880085F836 /* Managers */ = {
			isa = PBXGroup;
			children = (
				DD25D5E72A3334F8007184EB /* LocationManager.swift */,
			);
			path = Managers;
			sourceTree = "<group>";
		};
		DD5D54E62A330D8A0085F836 /* Extensions */ = {
			isa = PBXGroup;
			children = (
			);
			path = Extensions;
			sourceTree = "<group>";
		};
		DD5D54E72A330D8B0085F836 /* Core */ = {
			isa = PBXGroup;
			children = (
				DD1211882A338C7C00212769 /* Trips */,
				DD276D452A334C4100BFA6F2 /* LocationSearch */,
				DD276D442A334C3B00BFA6F2 /* Home */,
			);
			path = Core;
			sourceTree = "<group>";
		};
		DD5D54E82A330D8C0085F836 /* App */ = {
			isa = PBXGroup;
			children = (
				DD5D54D42A330D5C0085F836 /* UberSwiftUITutorialApp.swift */,
			);
			path = App;
			sourceTree = "<group>";
		};
/* End PBXGroup section */

/* Begin PBXNativeTarget section */
		DD5D54D02A330D5C0085F836 /* UberSwiftUITutorial */ = {
			isa = PBXNativeTarget;
			buildConfigurationList = DD5D54DF2A330D5D0085F836 /* Build configuration list for PBXNativeTarget "UberSwiftUITutorial" */;
			buildPhases = (
				DD5D54CD2A330D5C0085F836 /* Sources */,
				DD5D54CE2A330D5C0085F836 /* Frameworks */,
				DD5D54CF2A330D5C0085F836 /* Resources */,
			);
			buildRules = (
			);
			dependencies = (
			);
			name = UberSwiftUITutorial;
			productName = UberSwiftUITutorial;
			productReference = DD5D54D12A330D5C0085F836 /* UberSwiftUITutorial.app */;
			productType = "com.apple.product-type.application";
		};
/* End PBXNativeTarget section */

/* Begin PBXProject section */
		DD5D54C92A330D5B0085F836 /* Project object */ = {
			isa = PBXProject;
			attributes = {
				BuildIndependentTargetsInParallel = 1;
				LastSwiftUpdateCheck = 1430;
				LastUpgradeCheck = 1430;
				TargetAttributes = {
					DD5D54D02A330D5C0085F836 = {
						CreatedOnToolsVersion = 14.3.1;
					};
				};
			};
			buildConfigurationList = DD5D54CC2A330D5B0085F836 /* Build configuration list for PBXProject "UberSwiftUITutorial" */;
			compatibilityVersion = "Xcode 14.0";
			developmentRegion = en;
			hasScannedForEncodings = 0;
			knownRegions = (
				en,
				Base,
			);
			mainGroup = DD5D54C82A330D5B0085F836;
			productRefGroup = DD5D54D22A330D5C0085F836 /* Products */;
			projectDirPath = "";
			projectRoot = "";
			targets = (
				DD5D54D02A330D5C0085F836 /* UberSwiftUITutorial */,
			);
		};
/* End PBXProject section */

/* Begin PBXResourcesBuildPhase section */
		DD5D54CF2A330D5C0085F836 /* Resources */ = {
			isa = PBXResourcesBuildPhase;
			buildActionMask = 2147483647;
			files = (
				DD5D54DC2A330D5D0085F836 /* Preview Assets.xcassets in Resources */,
				DD5D54D92A330D5D0085F836 /* Assets.xcassets in Resources */,
			);
			runOnlyForDeploymentPostprocessing = 0;
		};
/* End PBXResourcesBuildPhase section */

/* Begin PBXSourcesBuildPhase section */
		DD5D54CD2A330D5C0085F836 /* Sources */ = {
			isa = PBXSourcesBuildPhase;
			buildActionMask = 2147483647;
			files = (
				DD276D512A335BCD00BFA6F2 /* LocationSearchViewViewModel.swift in Sources */,
				DD276D4D2A334ED200BFA6F2 /* LocationSearchView.swift in Sources */,
				DD25D5E82A3334F8007184EB /* LocationManager.swift in Sources */,
				DD12118A2A338C9200212769 /* RideRequestView.swift in Sources */,
				DD7260E62A33819000522C13 /* MapViewState.swift in Sources */,
				DD276D4B2A334DE200BFA6F2 /* MapViewActionButton.swift in Sources */,
				DD5D54D52A330D5C0085F836 /* UberSwiftUITutorialApp.swift in Sources */,
				DD25D5E62A3331BB007184EB /* UberMapViewRepresentable.swift in Sources */,
				DD4C39732A33315400585552 /* HomeView.swift in Sources */,
				DD276D492A334C7F00BFA6F2 /* LocationSearchActivationView.swift in Sources */,
				DD276D4F2A3350B000BFA6F2 /* LocationSearchResultCell.swift in Sources */,
			);
			runOnlyForDeploymentPostprocessing = 0;
		};
/* End PBXSourcesBuildPhase section */

/* Begin XCBuildConfiguration section */
		DD5D54DD2A330D5D0085F836 /* Debug */ = {
			isa = XCBuildConfiguration;
			buildSettings = {
				ALWAYS_SEARCH_USER_PATHS = NO;
				CLANG_ANALYZER_NONNULL = YES;
				CLANG_ANALYZER_NUMBER_OBJECT_CONVERSION = YES_AGGRESSIVE;
				CLANG_CXX_LANGUAGE_STANDARD = "gnu++20";
				CLANG_ENABLE_MODULES = YES;
				CLANG_ENABLE_OBJC_ARC = YES;
				CLANG_ENABLE_OBJC_WEAK = YES;
				CLANG_WARN_BLOCK_CAPTURE_AUTORELEASING = YES;
				CLANG_WARN_BOOL_CONVERSION = YES;
				CLANG_WARN_COMMA = YES;
				CLANG_WARN_CONSTANT_CONVERSION = YES;
				CLANG_WARN_DEPRECATED_OBJC_IMPLEMENTATIONS = YES;
				CLANG_WARN_DIRECT_OBJC_ISA_USAGE = YES_ERROR;
				CLANG_WARN_DOCUMENTATION_COMMENTS = YES;
				CLANG_WARN_EMPTY_BODY = YES;
				CLANG_WARN_ENUM_CONVERSION = YES;
				CLANG_WARN_INFINITE_RECURSION = YES;
				CLANG_WARN_INT_CONVERSION = YES;
				CLANG_WARN_NON_LITERAL_NULL_CONVERSION = YES;
				CLANG_WARN_OBJC_IMPLICIT_RETAIN_SELF = YES;
				CLANG_WARN_OBJC_LITERAL_CONVERSION = YES;
				CLANG_WARN_OBJC_ROOT_CLASS = YES_ERROR;
				CLANG_WARN_QUOTED_INCLUDE_IN_FRAMEWORK_HEADER = YES;
				CLANG_WARN_RANGE_LOOP_ANALYSIS = YES;
				CLANG_WARN_STRICT_PROTOTYPES = YES;
				CLANG_WARN_SUSPICIOUS_MOVE = YES;
				CLANG_WARN_UNGUARDED_AVAILABILITY = YES_AGGRESSIVE;
				CLANG_WARN_UNREACHABLE_CODE = YES;
				CLANG_WARN__DUPLICATE_METHOD_MATCH = YES;
				COPY_PHASE_STRIP = NO;
				DEBUG_INFORMATION_FORMAT = dwarf;
				ENABLE_STRICT_OBJC_MSGSEND = YES;
				ENABLE_TESTABILITY = YES;
				GCC_C_LANGUAGE_STANDARD = gnu11;
				GCC_DYNAMIC_NO_PIC = NO;
				GCC_NO_COMMON_BLOCKS = YES;
				GCC_OPTIMIZATION_LEVEL = 0;
				GCC_PREPROCESSOR_DEFINITIONS = (
					"DEBUG=1",
					"$(inherited)",
				);
				GCC_WARN_64_TO_32_BIT_CONVERSION = YES;
				GCC_WARN_ABOUT_RETURN_TYPE = YES_ERROR;
				GCC_WARN_UNDECLARED_SELECTOR = YES;
				GCC_WARN_UNINITIALIZED_AUTOS = YES_AGGRESSIVE;
				GCC_WARN_UNUSED_FUNCTION = YES;
				GCC_WARN_UNUSED_VARIABLE = YES;
				IPHONEOS_DEPLOYMENT_TARGET = 16.4;
				MTL_ENABLE_DEBUG_INFO = INCLUDE_SOURCE;
				MTL_FAST_MATH = YES;
				ONLY_ACTIVE_ARCH = YES;
				SDKROOT = iphoneos;
				SWIFT_ACTIVE_COMPILATION_CONDITIONS = DEBUG;
				SWIFT_OPTIMIZATION_LEVEL = "-Onone";
			};
			name = Debug;
		};
		DD5D54DE2A330D5D0085F836 /* Release */ = {
			isa = XCBuildConfiguration;
			buildSettings = {
				ALWAYS_SEARCH_USER_PATHS = NO;
				CLANG_ANALYZER_NONNULL = YES;
				CLANG_ANALYZER_NUMBER_OBJECT_CONVERSION = YES_AGGRESSIVE;
				CLANG_CXX_LANGUAGE_STANDARD = "gnu++20";
				CLANG_ENABLE_MODULES = YES;
				CLANG_ENABLE_OBJC_ARC = YES;
				CLANG_ENABLE_OBJC_WEAK = YES;
				CLANG_WARN_BLOCK_CAPTURE_AUTORELEASING = YES;
				CLANG_WARN_BOOL_CONVERSION = YES;
				CLANG_WARN_COMMA = YES;
				CLANG_WARN_CONSTANT_CONVERSION = YES;
				CLANG_WARN_DEPRECATED_OBJC_IMPLEMENTATIONS = YES;
				CLANG_WARN_DIRECT_OBJC_ISA_USAGE = YES_ERROR;
				CLANG_WARN_DOCUMENTATION_COMMENTS = YES;
				CLANG_WARN_EMPTY_BODY = YES;
				CLANG_WARN_ENUM_CONVERSION = YES;
				CLANG_WARN_INFINITE_RECURSION = YES;
				CLANG_WARN_INT_CONVERSION = YES;
				CLANG_WARN_NON_LITERAL_NULL_CONVERSION = YES;
				CLANG_WARN_OBJC_IMPLICIT_RETAIN_SELF = YES;
				CLANG_WARN_OBJC_LITERAL_CONVERSION = YES;
				CLANG_WARN_OBJC_ROOT_CLASS = YES_ERROR;
				CLANG_WARN_QUOTED_INCLUDE_IN_FRAMEWORK_HEADER = YES;
				CLANG_WARN_RANGE_LOOP_ANALYSIS = YES;
				CLANG_WARN_STRICT_PROTOTYPES = YES;
				CLANG_WARN_SUSPICIOUS_MOVE = YES;
				CLANG_WARN_UNGUARDED_AVAILABILITY = YES_AGGRESSIVE;
				CLANG_WARN_UNREACHABLE_CODE = YES;
				CLANG_WARN__DUPLICATE_METHOD_MATCH = YES;
				COPY_PHASE_STRIP = NO;
				DEBUG_INFORMATION_FORMAT = "dwarf-with-dsym";
				ENABLE_NS_ASSERTIONS = NO;
				ENABLE_STRICT_OBJC_MSGSEND = YES;
				GCC_C_LANGUAGE_STANDARD = gnu11;
				GCC_NO_COMMON_BLOCKS = YES;
				GCC_WARN_64_TO_32_BIT_CONVERSION = YES;
				GCC_WARN_ABOUT_RETURN_TYPE = YES_ERROR;
				GCC_WARN_UNDECLARED_SELECTOR = YES;
				GCC_WARN_UNINITIALIZED_AUTOS = YES_AGGRESSIVE;
				GCC_WARN_UNUSED_FUNCTION = YES;
				GCC_WARN_UNUSED_VARIABLE = YES;
				IPHONEOS_DEPLOYMENT_TARGET = 16.4;
				MTL_ENABLE_DEBUG_INFO = NO;
				MTL_FAST_MATH = YES;
				SDKROOT = iphoneos;
				SWIFT_COMPILATION_MODE = wholemodule;
				SWIFT_OPTIMIZATION_LEVEL = "-O";
				VALIDATE_PRODUCT = YES;
			};
			name = Release;
		};
		DD5D54E02A330D5D0085F836 /* Debug */ = {
			isa = XCBuildConfiguration;
			buildSettings = {
				ASSETCATALOG_COMPILER_APPICON_NAME = AppIcon;
				ASSETCATALOG_COMPILER_GLOBAL_ACCENT_COLOR_NAME = AccentColor;
				CODE_SIGN_STYLE = Automatic;
				CURRENT_PROJECT_VERSION = 1;
				DEVELOPMENT_ASSET_PATHS = "\"UberSwiftUITutorial/Preview Content\"";
				ENABLE_PREVIEWS = YES;
				GENERATE_INFOPLIST_FILE = YES;
				INFOPLIST_KEY_NSLocationWhenInUseUsageDescription = "Please allow us to access your location to find your nearby drivers and rides";
				INFOPLIST_KEY_UIApplicationSceneManifest_Generation = YES;
				INFOPLIST_KEY_UIApplicationSupportsIndirectInputEvents = YES;
				INFOPLIST_KEY_UILaunchScreen_Generation = YES;
				INFOPLIST_KEY_UISupportedInterfaceOrientations_iPad = "UIInterfaceOrientationPortrait UIInterfaceOrientationPortraitUpsideDown UIInterfaceOrientationLandscapeLeft UIInterfaceOrientationLandscapeRight";
				INFOPLIST_KEY_UISupportedInterfaceOrientations_iPhone = "UIInterfaceOrientationPortrait UIInterfaceOrientationLandscapeLeft UIInterfaceOrientationLandscapeRight";
				LD_RUNPATH_SEARCH_PATHS = (
					"$(inherited)",
					"@executable_path/Frameworks",
				);
				MARKETING_VERSION = 1.0;
				PRODUCT_BUNDLE_IDENTIFIER = it.mc.UberSwiftUITutorial;
				PRODUCT_NAME = "$(TARGET_NAME)";
				SWIFT_EMIT_LOC_STRINGS = YES;
				SWIFT_VERSION = 5.0;
				TARGETED_DEVICE_FAMILY = "1,2";
			};
			name = Debug;
		};
		DD5D54E12A330D5D0085F836 /* Release */ = {
			isa = XCBuildConfiguration;
			buildSettings = {
				ASSETCATALOG_COMPILER_APPICON_NAME = AppIcon;
				ASSETCATALOG_COMPILER_GLOBAL_ACCENT_COLOR_NAME = AccentColor;
				CODE_SIGN_STYLE = Automatic;
				CURRENT_PROJECT_VERSION = 1;
				DEVELOPMENT_ASSET_PATHS = "\"UberSwiftUITutorial/Preview Content\"";
				ENABLE_PREVIEWS = YES;
				GENERATE_INFOPLIST_FILE = YES;
				INFOPLIST_KEY_NSLocationWhenInUseUsageDescription = "Please allow us to access your location to find your nearby drivers and rides";
				INFOPLIST_KEY_UIApplicationSceneManifest_Generation = YES;
				INFOPLIST_KEY_UIApplicationSupportsIndirectInputEvents = YES;
				INFOPLIST_KEY_UILaunchScreen_Generation = YES;
				INFOPLIST_KEY_UISupportedInterfaceOrientations_iPad = "UIInterfaceOrientationPortrait UIInterfaceOrientationPortraitUpsideDown UIInterfaceOrientationLandscapeLeft UIInterfaceOrientationLandscapeRight";
				INFOPLIST_KEY_UISupportedInterfaceOrientations_iPhone = "UIInterfaceOrientationPortrait UIInterfaceOrientationLandscapeLeft UIInterfaceOrientationLandscapeRight";
				LD_RUNPATH_SEARCH_PATHS = (
					"$(inherited)",
					"@executable_path/Frameworks",
				);
				MARKETING_VERSION = 1.0;
				PRODUCT_BUNDLE_IDENTIFIER = it.mc.UberSwiftUITutorial;
				PRODUCT_NAME = "$(TARGET_NAME)";
				SWIFT_EMIT_LOC_STRINGS = YES;
				SWIFT_VERSION = 5.0;
				TARGETED_DEVICE_FAMILY = "1,2";
			};
			name = Release;
		};
/* End XCBuildConfiguration section */

/* Begin XCConfigurationList section */
		DD5D54CC2A330D5B0085F836 /* Build configuration list for PBXProject "UberSwiftUITutorial" */ = {
			isa = XCConfigurationList;
			buildConfigurations = (
				DD5D54DD2A330D5D0085F836 /* Debug */,
				DD5D54DE2A330D5D0085F836 /* Release */,
			);
			defaultConfigurationIsVisible = 0;
			defaultConfigurationName = Release;
		};
		DD5D54DF2A330D5D0085F836 /* Build configuration list for PBXNativeTarget "UberSwiftUITutorial" */ = {
			isa = XCConfigurationList;
			buildConfigurations = (
				DD5D54E02A330D5D0085F836 /* Debug */,
				DD5D54E12A330D5D0085F836 /* Release */,
			);
			defaultConfigurationIsVisible = 0;
			defaultConfigurationName = Release;
		};
/* End XCConfigurationList section */
	};
	rootObject = DD5D54C92A330D5B0085F836 /* Project object */;
}
